{
  "object": {
    "pins": [
      {
        "package": "Bits",
        "repositoryURL": "https://github.com/vapor/bits.git",
        "state": {
          "branch": null,
          "revision": "c32f5e6ae2007dccd21a92b7e33eba842dd80d2f",
          "version": "1.1.0"
        }
      },
      {
        "package": "Core",
        "repositoryURL": "https://github.com/vapor/core.git",
        "state": {
          "branch": null,
          "revision": "b8330808f4f6b69941961afe8ad6b015562f7b7c",
          "version": "2.1.2"
        }
      },
      {
        "package": "Debugging",
        "repositoryURL": "https://github.com/vapor/debugging.git",
        "state": {
          "branch": null,
          "revision": "49c5e8f0a7cb5456a8f7c72c6cd9f1553e5885a8",
          "version": "1.1.0"
        }
      },
      {
        "package": "KituraRedisClient",
        "repositoryURL": "https://github.com/reswifq/redis-client-kitura.git",
        "state": {
          "branch": null,
          "revision": "55a9fbd879c5d42cb186724fd87e456bdf70a0ba",
          "version": "1.2.0"
        }
      },
      {
        "package": "Node",
        "repositoryURL": "https://github.com/vapor/node.git",
        "state": {
          "branch": null,
          "revision": "642f357d08ec5aa335ae2e3c4633c72da7b5a0c4",
          "version": "2.1.1"
        }
      },
      {
        "package": "Pool",
        "repositoryURL": "https://github.com/reswifq/pool.git",
        "state": {
          "branch": null,
          "revision": "b0987c386069829b2cb1e43fa802321979ef07f2",
          "version": "1.2.0"
        }
      },
      {
        "package": "Random",
        "repositoryURL": "https://github.com/vapor/random.git",
        "state": {
          "branch": null,
          "revision": "d7c4397d125caba795d14d956efacfe2a27a63d0",
          "version": "1.2.0"
        }
      },
      {
        "package": "Redis",
        "repositoryURL": "https://github.com/vapor/redis.git",
        "state": {
          "branch": null,
          "revision": "70917ee48207552184a8155893880f065a980507",
          "version": "2.0.0"
        }
      },
      {
        "package": "RedisClient",
        "repositoryURL": "https://github.com/reswifq/redis-client.git",
        "state": {
          "branch": null,
          "revision": "64cbf47a9ebf42ebf0e3a72b2b00ea11dedb16c6",
          "version": "1.2.0"
        }
      },
      {
        "package": "Socket",
        "repositoryURL": "https://github.com/IBM-Swift/BlueSocket.git",
        "state": {
          "branch": null,
          "revision": "d42af4542b6d5a0114fc6a4aae479c454b52b64a",
          "version": "0.12.68"
        }
      },
      {
        "package": "Sockets",
        "repositoryURL": "https://github.com/vapor/sockets.git",
        "state": {
          "branch": null,
          "revision": "f6b06982e94db71227e99c56fec5899a8526e8ad",
          "version": "2.1.0"
        }
      },
      {
        "package": "SwiftRedis",
        "repositoryURL": "https://github.com/IBM-Swift/Kitura-redis.git",
        "state": {
          "branch": null,
          "revision": "d6626c01bbe06f837da63e8fc104133ade9b91c6",
          "version": "1.8.0"
        }
      },
      {
        "package": "VaporRedisClient",
        "repositoryURL": "https://github.com/reswifq/redis-client-vapor.git",
        "state": {
          "branch": null,
          "revision": "c86fb69d00a511a18d4ce8abf4a9928d8f1592bb",
          "version": "1.1.0"
        }
      }
    ]
  },
  "version": 1
}
